
Microsoft Visual Studio Solution File, Format Version 11.00
# Visual Studio 2010
Project("{FAE04EC0-301F-11D3-BF4B-00C04F79EFBC}") = "Thorn", "Thorn\Thorn.csproj", "{E2D067F2-271D-4CE0-9D65-E99E040718AD}"
EndProject
Project("{FAE04EC0-301F-11D3-BF4B-00C04F79EFBC}") = "ThornSample", "ThornSample\ThornSample.csproj", "{B6DA24A4-F7D3-41D5-A6B9-E1AC7DD8506A}"
EndProject
Project("{FAE04EC0-301F-11D3-BF4B-00C04F79EFBC}") = "Thorn.Specs", "Thorn.Specs\Thorn.Specs.csproj", "{3ADDD326-C58E-4645-ADC2-DBF21EEBAA1E}"
EndProject
Project("{FAE04EC0-301F-11D3-BF4B-00C04F79EFBC}") = "ThornSampleWithIoC", "ThornSampleWithIoC\ThornSampleWithIoC.csproj", "{7F5C80A9-47F2-4A21-AB7A-3DD6CD205650}"
EndProject
Project("{2150E333-8FDC-42A3-9474-1A3956D46DE8}") = "Solution Items", "Solution Items", "{2AA5A5E1-1BA3-4419-B175-C2440990A188}"
	ProjectSection(SolutionItems) = preProject
		LICENSE.txt = LICENSE.txt
		rakefile.rb = rakefile.rb
		readme.md = readme.md
		thorn.nuspec.template = thorn.nuspec.template
	EndProjectSection
EndProject
Global
	GlobalSection(SolutionConfigurationPlatforms) = preSolution
		Debug|Any CPU = Debug|Any CPU
		Debug|Mixed Platforms = Debug|Mixed Platforms
		Debug|x86 = Debug|x86
		Release|Any CPU = Release|Any CPU
		Release|Mixed Platforms = Release|Mixed Platforms
		Release|x86 = Release|x86
	EndGlobalSection
	GlobalSection(ProjectConfigurationPlatforms) = postSolution
		{E2D067F2-271D-4CE0-9D65-E99E040718AD}.Debug|Any CPU.ActiveCfg = Debug|Any CPU
		{E2D067F2-271D-4CE0-9D65-E99E040718AD}.Debug|Any CPU.Build.0 = Debug|Any CPU
		{E2D067F2-271D-4CE0-9D65-E99E040718AD}.Debug|Mixed Platforms.ActiveCfg = Debug|Any CPU
		{E2D067F2-271D-4CE0-9D65-E99E040718AD}.Debug|Mixed Platforms.Build.0 = Debug|Any CPU
		{E2D067F2-271D-4CE0-9D65-E99E040718AD}.Debug|x86.ActiveCfg = Debug|Any CPU
		{E2D067F2-271D-4CE0-9D65-E99E040718AD}.Release|Any CPU.ActiveCfg = Release|Any CPU
		{E2D067F2-271D-4CE0-9D65-E99E040718AD}.Release|Any CPU.Build.0 = Release|Any CPU
		{E2D067F2-271D-4CE0-9D65-E99E040718AD}.Release|Mixed Platforms.ActiveCfg = Release|Any CPU
		{E2D067F2-271D-4CE0-9D65-E99E040718AD}.Release|Mixed Platforms.Build.0 = Release|Any CPU
		{E2D067F2-271D-4CE0-9D65-E99E040718AD}.Release|x86.ActiveCfg = Release|Any CPU
		{B6DA24A4-F7D3-41D5-A6B9-E1AC7DD8506A}.Debug|Any CPU.ActiveCfg = Debug|x86
		{B6DA24A4-F7D3-41D5-A6B9-E1AC7DD8506A}.Debug|Mixed Platforms.ActiveCfg = Debug|x86
		{B6DA24A4-F7D3-41D5-A6B9-E1AC7DD8506A}.Debug|Mixed Platforms.Build.0 = Debug|x86
		{B6DA24A4-F7D3-41D5-A6B9-E1AC7DD8506A}.Debug|x86.ActiveCfg = Debug|x86
		{B6DA24A4-F7D3-41D5-A6B9-E1AC7DD8506A}.Debug|x86.Build.0 = Debug|x86
		{B6DA24A4-F7D3-41D5-A6B9-E1AC7DD8506A}.Release|Any CPU.ActiveCfg = Release|x86
		{B6DA24A4-F7D3-41D5-A6B9-E1AC7DD8506A}.Release|Mixed Platforms.ActiveCfg = Release|x86
		{B6DA24A4-F7D3-41D5-A6B9-E1AC7DD8506A}.Release|Mixed Platforms.Build.0 = Release|x86
		{B6DA24A4-F7D3-41D5-A6B9-E1AC7DD8506A}.Release|x86.ActiveCfg = Release|x86
		{B6DA24A4-F7D3-41D5-A6B9-E1AC7DD8506A}.Release|x86.Build.0 = Release|x86
		{3ADDD326-C58E-4645-ADC2-DBF21EEBAA1E}.Debug|Any CPU.ActiveCfg = Debug|Any CPU
		{3ADDD326-C58E-4645-ADC2-DBF21EEBAA1E}.Debug|Any CPU.Build.0 = Debug|Any CPU
		{3ADDD326-C58E-4645-ADC2-DBF21EEBAA1E}.Debug|Mixed Platforms.ActiveCfg = Debug|Any CPU
		{3ADDD326-C58E-4645-ADC2-DBF21EEBAA1E}.Debug|Mixed Platforms.Build.0 = Debug|Any CPU
		{3ADDD326-C58E-4645-ADC2-DBF21EEBAA1E}.Debug|x86.ActiveCfg = Debug|Any CPU
		{3ADDD326-C58E-4645-ADC2-DBF21EEBAA1E}.Release|Any CPU.ActiveCfg = Release|Any CPU
		{3ADDD326-C58E-4645-ADC2-DBF21EEBAA1E}.Release|Any CPU.Build.0 = Release|Any CPU
		{3ADDD326-C58E-4645-ADC2-DBF21EEBAA1E}.Release|Mixed Platforms.ActiveCfg = Release|Any CPU
		{3ADDD326-C58E-4645-ADC2-DBF21EEBAA1E}.Release|Mixed Platforms.Build.0 = Release|Any CPU
		{3ADDD326-C58E-4645-ADC2-DBF21EEBAA1E}.Release|x86.ActiveCfg = Release|Any CPU
		{7F5C80A9-47F2-4A21-AB7A-3DD6CD205650}.Debug|Any CPU.ActiveCfg = Debug|x86
		{7F5C80A9-47F2-4A21-AB7A-3DD6CD205650}.Debug|Mixed Platforms.ActiveCfg = Debug|x86
		{7F5C80A9-47F2-4A21-AB7A-3DD6CD205650}.Debug|Mixed Platforms.Build.0 = Debug|x86
		{7F5C80A9-47F2-4A21-AB7A-3DD6CD205650}.Debug|x86.ActiveCfg = Debug|x86
		{7F5C80A9-47F2-4A21-AB7A-3DD6CD205650}.Debug|x86.Build.0 = Debug|x86
		{7F5C80A9-47F2-4A21-AB7A-3DD6CD205650}.Release|Any CPU.ActiveCfg = Release|x86
		{7F5C80A9-47F2-4A21-AB7A-3DD6CD205650}.Release|Mixed Platforms.ActiveCfg = Release|x86
		{7F5C80A9-47F2-4A21-AB7A-3DD6CD205650}.Release|Mixed Platforms.Build.0 = Release|x86
		{7F5C80A9-47F2-4A21-AB7A-3DD6CD205650}.Release|x86.ActiveCfg = Release|x86
		{7F5C80A9-47F2-4A21-AB7A-3DD6CD205650}.Release|x86.Build.0 = Release|x86
	EndGlobalSection
	GlobalSection(SolutionProperties) = preSolution
		HideSolutionNode = FALSE
	EndGlobalSection
EndGlobal
